// !$*UTF8*$!
{
	archiveVersion = 1;
	classes = {
	};
	objectVersion = 56;
	objects = {

/* Begin PBXBuildFile section */
		B02E11BA2ACCA15900C68A5A /* Constant.swift in Sources */ = {isa = PBXBuildFile; fileRef = B02E11B92ACCA15900C68A5A /* Constant.swift */; };
		B02E11BC2ACCAF8700C68A5A /* HideKeyboardExtension.swift in Sources */ = {isa = PBXBuildFile; fileRef = B02E11BB2ACCAF8700C68A5A /* HideKeyboardExtension.swift */; };
		B02E11BE2ACCB6B000C68A5A /* BackgroundImageView.swift in Sources */ = {isa = PBXBuildFile; fileRef = B02E11BD2ACCB6B000C68A5A /* BackgroundImageView.swift */; };
		B02E11C02ACCD36800C68A5A /* NewTaskItemView.swift in Sources */ = {isa = PBXBuildFile; fileRef = B02E11BF2ACCD36800C68A5A /* NewTaskItemView.swift */; };
		B02E11C22ACCDCA200C68A5A /* BlankView.swift in Sources */ = {isa = PBXBuildFile; fileRef = B02E11C12ACCDCA200C68A5A /* BlankView.swift */; };
		B038E5312ACF907500F29E81 /* CheckBoxStyle.swift in Sources */ = {isa = PBXBuildFile; fileRef = B038E5302ACF907500F29E81 /* CheckBoxStyle.swift */; };
		B04517752ACF8BFF00467D7F /* ListRowItemView.swift in Sources */ = {isa = PBXBuildFile; fileRef = B04517742ACF8BFF00467D7F /* ListRowItemView.swift */; };
		B09869412AC5121A006B1121 /* ToDoAppApp.swift in Sources */ = {isa = PBXBuildFile; fileRef = B09869402AC5121A006B1121 /* ToDoAppApp.swift */; };
		B09869432AC5121A006B1121 /* ContentView.swift in Sources */ = {isa = PBXBuildFile; fileRef = B09869422AC5121A006B1121 /* ContentView.swift */; };
		B09869452AC5121E006B1121 /* Assets.xcassets in Resources */ = {isa = PBXBuildFile; fileRef = B09869442AC5121E006B1121 /* Assets.xcassets */; };
		B09869482AC5121E006B1121 /* Preview Assets.xcassets in Resources */ = {isa = PBXBuildFile; fileRef = B09869472AC5121E006B1121 /* Preview Assets.xcassets */; };
		B098694A2AC5121E006B1121 /* Persistence.swift in Sources */ = {isa = PBXBuildFile; fileRef = B09869492AC5121E006B1121 /* Persistence.swift */; };
		B098694D2AC5121E006B1121 /* ToDoApp.xcdatamodeld in Sources */ = {isa = PBXBuildFile; fileRef = B098694B2AC5121E006B1121 /* ToDoApp.xcdatamodeld */; };
		B09869562AC514C0006B1121 /* sound-tap.mp3 in Resources */ = {isa = PBXBuildFile; fileRef = B09869532AC514BF006B1121 /* sound-tap.mp3 */; };
		B09869572AC514C0006B1121 /* sound-ding.mp3 in Resources */ = {isa = PBXBuildFile; fileRef = B09869542AC514BF006B1121 /* sound-ding.mp3 */; };
		B09869582AC514C0006B1121 /* sound-rise.mp3 in Resources */ = {isa = PBXBuildFile; fileRef = B09869552AC514C0006B1121 /* sound-rise.mp3 */; };
/* End PBXBuildFile section */

/* Begin PBXFileReference section */
		B02E11B92ACCA15900C68A5A /* Constant.swift */ = {isa = PBXFileReference; lastKnownFileType = sourcecode.swift; path = Constant.swift; sourceTree = "<group>"; };
		B02E11BB2ACCAF8700C68A5A /* HideKeyboardExtension.swift */ = {isa = PBXFileReference; lastKnownFileType = sourcecode.swift; path = HideKeyboardExtension.swift; sourceTree = "<group>"; };
		B02E11BD2ACCB6B000C68A5A /* BackgroundImageView.swift */ = {isa = PBXFileReference; lastKnownFileType = sourcecode.swift; path = BackgroundImageView.swift; sourceTree = "<group>"; };
		B02E11BF2ACCD36800C68A5A /* NewTaskItemView.swift */ = {isa = PBXFileReference; lastKnownFileType = sourcecode.swift; path = NewTaskItemView.swift; sourceTree = "<group>"; };
		B02E11C12ACCDCA200C68A5A /* BlankView.swift */ = {isa = PBXFileReference; lastKnownFileType = sourcecode.swift; path = BlankView.swift; sourceTree = "<group>"; };
		B038E5302ACF907500F29E81 /* CheckBoxStyle.swift */ = {isa = PBXFileReference; lastKnownFileType = sourcecode.swift; path = CheckBoxStyle.swift; sourceTree = "<group>"; };
		B04517742ACF8BFF00467D7F /* ListRowItemView.swift */ = {isa = PBXFileReference; lastKnownFileType = sourcecode.swift; path = ListRowItemView.swift; sourceTree = "<group>"; };
		B098693D2AC5121A006B1121 /* ToDoApp.app */ = {isa = PBXFileReference; explicitFileType = wrapper.application; includeInIndex = 0; path = ToDoApp.app; sourceTree = BUILT_PRODUCTS_DIR; };
		B09869402AC5121A006B1121 /* ToDoAppApp.swift */ = {isa = PBXFileReference; lastKnownFileType = sourcecode.swift; path = ToDoAppApp.swift; sourceTree = "<group>"; };
		B09869422AC5121A006B1121 /* ContentView.swift */ = {isa = PBXFileReference; lastKnownFileType = sourcecode.swift; path = ContentView.swift; sourceTree = "<group>"; };
		B09869442AC5121E006B1121 /* Assets.xcassets */ = {isa = PBXFileReference; lastKnownFileType = folder.assetcatalog; path = Assets.xcassets; sourceTree = "<group>"; };
		B09869472AC5121E006B1121 /* Preview Assets.xcassets */ = {isa = PBXFileReference; lastKnownFileType = folder.assetcatalog; path = "Preview Assets.xcassets"; sourceTree = "<group>"; };
		B09869492AC5121E006B1121 /* Persistence.swift */ = {isa = PBXFileReference; lastKnownFileType = sourcecode.swift; path = Persistence.swift; sourceTree = "<group>"; };
		B098694C2AC5121E006B1121 /* ToDoApp.xcdatamodel */ = {isa = PBXFileReference; lastKnownFileType = wrapper.xcdatamodel; path = ToDoApp.xcdatamodel; sourceTree = "<group>"; };
		B09869532AC514BF006B1121 /* sound-tap.mp3 */ = {isa = PBXFileReference; lastKnownFileType = audio.mp3; path = "sound-tap.mp3"; sourceTree = "<group>"; };
		B09869542AC514BF006B1121 /* sound-ding.mp3 */ = {isa = PBXFileReference; lastKnownFileType = audio.mp3; path = "sound-ding.mp3"; sourceTree = "<group>"; };
		B09869552AC514C0006B1121 /* sound-rise.mp3 */ = {isa = PBXFileReference; lastKnownFileType = audio.mp3; path = "sound-rise.mp3"; sourceTree = "<group>"; };
		B098695F2AC51635006B1121 /* Info.plist */ = {isa = PBXFileReference; lastKnownFileType = text.plist; path = Info.plist; sourceTree = "<group>"; };
/* End PBXFileReference section */

/* Begin PBXFrameworksBuildPhase section */
		B098693A2AC5121A006B1121 /* Frameworks */ = {
			isa = PBXFrameworksBuildPhase;
			buildActionMask = 2147483647;
			files = (
			);
			runOnlyForDeploymentPostprocessing = 0;
		};
/* End PBXFrameworksBuildPhase section */

/* Begin PBXGroup section */
		B09869342AC5121A006B1121 = {
			isa = PBXGroup;
			children = (
				B098693F2AC5121A006B1121 /* ToDoApp */,
				B098693E2AC5121A006B1121 /* Products */,
			);
			sourceTree = "<group>";
		};
		B098693E2AC5121A006B1121 /* Products */ = {
			isa = PBXGroup;
			children = (
				B098693D2AC5121A006B1121 /* ToDoApp.app */,
			);
			name = Products;
			sourceTree = "<group>";
		};
		B098693F2AC5121A006B1121 /* ToDoApp */ = {
			isa = PBXGroup;
			children = (
				B098695F2AC51635006B1121 /* Info.plist */,
				B09869402AC5121A006B1121 /* ToDoAppApp.swift */,
				B098695A2AC514EC006B1121 /* View */,
				B098695E2AC5156E006B1121 /* Model */,
				B098695D2AC51505006B1121 /* Style */,
				B098695C2AC514FF006B1121 /* Utility */,
				B098695B2AC514F8006B1121 /* Extension */,
				B09869592AC514E5006B1121 /* Sound */,
				B09869442AC5121E006B1121 /* Assets.xcassets */,
				B09869462AC5121E006B1121 /* Preview Content */,
			);
			path = ToDoApp;
			sourceTree = "<group>";
		};
		B09869462AC5121E006B1121 /* Preview Content */ = {
			isa = PBXGroup;
			children = (
				B09869472AC5121E006B1121 /* Preview Assets.xcassets */,
			);
			path = "Preview Content";
			sourceTree = "<group>";
		};
		B09869592AC514E5006B1121 /* Sound */ = {
			isa = PBXGroup;
			children = (
				B09869542AC514BF006B1121 /* sound-ding.mp3 */,
				B09869552AC514C0006B1121 /* sound-rise.mp3 */,
				B09869532AC514BF006B1121 /* sound-tap.mp3 */,
			);
			path = Sound;
			sourceTree = "<group>";
		};
		B098695A2AC514EC006B1121 /* View */ = {
			isa = PBXGroup;
			children = (
				B09869422AC5121A006B1121 /* ContentView.swift */,
				B02E11BD2ACCB6B000C68A5A /* BackgroundImageView.swift */,
				B02E11BF2ACCD36800C68A5A /* NewTaskItemView.swift */,
				B02E11C12ACCDCA200C68A5A /* BlankView.swift */,
				B04517742ACF8BFF00467D7F /* ListRowItemView.swift */,
			);
			path = View;
			sourceTree = "<group>";
		};
		B098695B2AC514F8006B1121 /* Extension */ = {
			isa = PBXGroup;
			children = (
				B02E11BB2ACCAF8700C68A5A /* HideKeyboardExtension.swift */,
			);
			path = Extension;
			sourceTree = "<group>";
		};
		B098695C2AC514FF006B1121 /* Utility */ = {
			isa = PBXGroup;
			children = (
				B02E11B92ACCA15900C68A5A /* Constant.swift */,
			);
			path = Utility;
			sourceTree = "<group>";
		};
		B098695D2AC51505006B1121 /* Style */ = {
			isa = PBXGroup;
			children = (
				B038E5302ACF907500F29E81 /* CheckBoxStyle.swift */,
			);
			path = Style;
			sourceTree = "<group>";
		};
		B098695E2AC5156E006B1121 /* Model */ = {
			isa = PBXGroup;
			children = (
				B09869492AC5121E006B1121 /* Persistence.swift */,
				B098694B2AC5121E006B1121 /* ToDoApp.xcdatamodeld */,
			);
			path = Model;
			sourceTree = "<group>";
		};
/* End PBXGroup section */

/* Begin PBXNativeTarget section */
		B098693C2AC5121A006B1121 /* ToDoApp */ = {
			isa = PBXNativeTarget;
			buildConfigurationList = B09869502AC5121E006B1121 /* Build configuration list for PBXNativeTarget "ToDoApp" */;
			buildPhases = (
				B09869392AC5121A006B1121 /* Sources */,
				B098693A2AC5121A006B1121 /* Frameworks */,
				B098693B2AC5121A006B1121 /* Resources */,
			);
			buildRules = (
			);
			dependencies = (
			);
			name = ToDoApp;
			productName = ToDoApp;
			productReference = B098693D2AC5121A006B1121 /* ToDoApp.app */;
			productType = "com.apple.product-type.application";
		};
/* End PBXNativeTarget section */

/* Begin PBXProject section */
		B09869352AC5121A006B1121 /* Project object */ = {
			isa = PBXProject;
			attributes = {
				BuildIndependentTargetsInParallel = 1;
				LastSwiftUpdateCheck = 1430;
				LastUpgradeCheck = 1430;
				TargetAttributes = {
					B098693C2AC5121A006B1121 = {
						CreatedOnToolsVersion = 14.3.1;
					};
				};
			};
			buildConfigurationList = B09869382AC5121A006B1121 /* Build configuration list for PBXProject "ToDoApp" */;
			compatibilityVersion = "Xcode 14.0";
			developmentRegion = en;
			hasScannedForEncodings = 0;
			knownRegions = (
				en,
				Base,
			);
			mainGroup = B09869342AC5121A006B1121;
			productRefGroup = B098693E2AC5121A006B1121 /* Products */;
			projectDirPath = "";
			projectRoot = "";
			targets = (
				B098693C2AC5121A006B1121 /* ToDoApp */,
			);
		};
/* End PBXProject section */

/* Begin PBXResourcesBuildPhase section */
		B098693B2AC5121A006B1121 /* Resources */ = {
			isa = PBXResourcesBuildPhase;
			buildActionMask = 2147483647;
			files = (
				B09869582AC514C0006B1121 /* sound-rise.mp3 in Resources */,
				B09869572AC514C0006B1121 /* sound-ding.mp3 in Resources */,
				B09869562AC514C0006B1121 /* sound-tap.mp3 in Resources */,
				B09869482AC5121E006B1121 /* Preview Assets.xcassets in Resources */,
				B09869452AC5121E006B1121 /* Assets.xcassets in Resources */,
			);
			runOnlyForDeploymentPostprocessing = 0;
		};
/* End PBXResourcesBuildPhase section */

/* Begin PBXSourcesBuildPhase section */
		B09869392AC5121A006B1121 /* Sources */ = {
			isa = PBXSourcesBuildPhase;
			buildActionMask = 2147483647;
			files = (
				B098694A2AC5121E006B1121 /* Persistence.swift in Sources */,
				B02E11BE2ACCB6B000C68A5A /* BackgroundImageView.swift in Sources */,
				B09869432AC5121A006B1121 /* ContentView.swift in Sources */,
				B02E11BC2ACCAF8700C68A5A /* HideKeyboardExtension.swift in Sources */,
				B02E11C22ACCDCA200C68A5A /* BlankView.swift in Sources */,
				B02E11BA2ACCA15900C68A5A /* Constant.swift in Sources */,
				B04517752ACF8BFF00467D7F /* ListRowItemView.swift in Sources */,
				B09869412AC5121A006B1121 /* ToDoAppApp.swift in Sources */,
				B038E5312ACF907500F29E81 /* CheckBoxStyle.swift in Sources */,
				B098694D2AC5121E006B1121 /* ToDoApp.xcdatamodeld in Sources */,
				B02E11C02ACCD36800C68A5A /* NewTaskItemView.swift in Sources */,
			);
			runOnlyForDeploymentPostprocessing = 0;
		};
/* End PBXSourcesBuildPhase section */

/* Begin XCBuildConfiguration section */
		B098694E2AC5121E006B1121 /* Debug */ = {
			isa = XCBuildConfiguration;
			buildSettings = {
				ALWAYS_SEARCH_USER_PATHS = NO;
				CLANG_ANALYZER_NONNULL = YES;
				CLANG_ANALYZER_NUMBER_OBJECT_CONVERSION = YES_AGGRESSIVE;
				CLANG_CXX_LANGUAGE_STANDARD = "gnu++20";
				CLANG_ENABLE_MODULES = YES;
				CLANG_ENABLE_OBJC_ARC = YES;
				CLANG_ENABLE_OBJC_WEAK = YES;
				CLANG_WARN_BLOCK_CAPTURE_AUTORELEASING = YES;
				CLANG_WARN_BOOL_CONVERSION = YES;
				CLANG_WARN_COMMA = YES;
				CLANG_WARN_CONSTANT_CONVERSION = YES;
				CLANG_WARN_DEPRECATED_OBJC_IMPLEMENTATIONS = YES;
				CLANG_WARN_DIRECT_OBJC_ISA_USAGE = YES_ERROR;
				CLANG_WARN_DOCUMENTATION_COMMENTS = YES;
				CLANG_WARN_EMPTY_BODY = YES;
				CLANG_WARN_ENUM_CONVERSION = YES;
				CLANG_WARN_INFINITE_RECURSION = YES;
				CLANG_WARN_INT_CONVERSION = YES;
				CLANG_WARN_NON_LITERAL_NULL_CONVERSION = YES;
				CLANG_WARN_OBJC_IMPLICIT_RETAIN_SELF = YES;
				CLANG_WARN_OBJC_LITERAL_CONVERSION = YES;
				CLANG_WARN_OBJC_ROOT_CLASS = YES_ERROR;
				CLANG_WARN_QUOTED_INCLUDE_IN_FRAMEWORK_HEADER = YES;
				CLANG_WARN_RANGE_LOOP_ANALYSIS = YES;
				CLANG_WARN_STRICT_PROTOTYPES = YES;
				CLANG_WARN_SUSPICIOUS_MOVE = YES;
				CLANG_WARN_UNGUARDED_AVAILABILITY = YES_AGGRESSIVE;
				CLANG_WARN_UNREACHABLE_CODE = YES;
				CLANG_WARN__DUPLICATE_METHOD_MATCH = YES;
				COPY_PHASE_STRIP = NO;
				DEBUG_INFORMATION_FORMAT = dwarf;
				ENABLE_STRICT_OBJC_MSGSEND = YES;
				ENABLE_TESTABILITY = YES;
				GCC_C_LANGUAGE_STANDARD = gnu11;
				GCC_DYNAMIC_NO_PIC = NO;
				GCC_NO_COMMON_BLOCKS = YES;
				GCC_OPTIMIZATION_LEVEL = 0;
				GCC_PREPROCESSOR_DEFINITIONS = (
					"DEBUG=1",
					"$(inherited)",
				);
				GCC_WARN_64_TO_32_BIT_CONVERSION = YES;
				GCC_WARN_ABOUT_RETURN_TYPE = YES_ERROR;
				GCC_WARN_UNDECLARED_SELECTOR = YES;
				GCC_WARN_UNINITIALIZED_AUTOS = YES_AGGRESSIVE;
				GCC_WARN_UNUSED_FUNCTION = YES;
				GCC_WARN_UNUSED_VARIABLE = YES;
				IPHONEOS_DEPLOYMENT_TARGET = 16.4;
				MTL_ENABLE_DEBUG_INFO = INCLUDE_SOURCE;
				MTL_FAST_MATH = YES;
				ONLY_ACTIVE_ARCH = YES;
				SDKROOT = iphoneos;
				SWIFT_ACTIVE_COMPILATION_CONDITIONS = DEBUG;
				SWIFT_OPTIMIZATION_LEVEL = "-Onone";
			};
			name = Debug;
		};
		B098694F2AC5121E006B1121 /* Release */ = {
			isa = XCBuildConfiguration;
			buildSettings = {
				ALWAYS_SEARCH_USER_PATHS = NO;
				CLANG_ANALYZER_NONNULL = YES;
				CLANG_ANALYZER_NUMBER_OBJECT_CONVERSION = YES_AGGRESSIVE;
				CLANG_CXX_LANGUAGE_STANDARD = "gnu++20";
				CLANG_ENABLE_MODULES = YES;
				CLANG_ENABLE_OBJC_ARC = YES;
				CLANG_ENABLE_OBJC_WEAK = YES;
				CLANG_WARN_BLOCK_CAPTURE_AUTORELEASING = YES;
				CLANG_WARN_BOOL_CONVERSION = YES;
				CLANG_WARN_COMMA = YES;
				CLANG_WARN_CONSTANT_CONVERSION = YES;
				CLANG_WARN_DEPRECATED_OBJC_IMPLEMENTATIONS = YES;
				CLANG_WARN_DIRECT_OBJC_ISA_USAGE = YES_ERROR;
				CLANG_WARN_DOCUMENTATION_COMMENTS = YES;
				CLANG_WARN_EMPTY_BODY = YES;
				CLANG_WARN_ENUM_CONVERSION = YES;
				CLANG_WARN_INFINITE_RECURSION = YES;
				CLANG_WARN_INT_CONVERSION = YES;
				CLANG_WARN_NON_LITERAL_NULL_CONVERSION = YES;
				CLANG_WARN_OBJC_IMPLICIT_RETAIN_SELF = YES;
				CLANG_WARN_OBJC_LITERAL_CONVERSION = YES;
				CLANG_WARN_OBJC_ROOT_CLASS = YES_ERROR;
				CLANG_WARN_QUOTED_INCLUDE_IN_FRAMEWORK_HEADER = YES;
				CLANG_WARN_RANGE_LOOP_ANALYSIS = YES;
				CLANG_WARN_STRICT_PROTOTYPES = YES;
				CLANG_WARN_SUSPICIOUS_MOVE = YES;
				CLANG_WARN_UNGUARDED_AVAILABILITY = YES_AGGRESSIVE;
				CLANG_WARN_UNREACHABLE_CODE = YES;
				CLANG_WARN__DUPLICATE_METHOD_MATCH = YES;
				COPY_PHASE_STRIP = NO;
				DEBUG_INFORMATION_FORMAT = "dwarf-with-dsym";
				ENABLE_NS_ASSERTIONS = NO;
				ENABLE_STRICT_OBJC_MSGSEND = YES;
				GCC_C_LANGUAGE_STANDARD = gnu11;
				GCC_NO_COMMON_BLOCKS = YES;
				GCC_WARN_64_TO_32_BIT_CONVERSION = YES;
				GCC_WARN_ABOUT_RETURN_TYPE = YES_ERROR;
				GCC_WARN_UNDECLARED_SELECTOR = YES;
				GCC_WARN_UNINITIALIZED_AUTOS = YES_AGGRESSIVE;
				GCC_WARN_UNUSED_FUNCTION = YES;
				GCC_WARN_UNUSED_VARIABLE = YES;
				IPHONEOS_DEPLOYMENT_TARGET = 16.4;
				MTL_ENABLE_DEBUG_INFO = NO;
				MTL_FAST_MATH = YES;
				SDKROOT = iphoneos;
				SWIFT_COMPILATION_MODE = wholemodule;
				SWIFT_OPTIMIZATION_LEVEL = "-O";
				VALIDATE_PRODUCT = YES;
			};
			name = Release;
		};
		B09869512AC5121E006B1121 /* Debug */ = {
			isa = XCBuildConfiguration;
			buildSettings = {
				ASSETCATALOG_COMPILER_APPICON_NAME = AppIcon;
				ASSETCATALOG_COMPILER_GLOBAL_ACCENT_COLOR_NAME = AccentColor;
				CODE_SIGN_STYLE = Automatic;
				CURRENT_PROJECT_VERSION = 1;
				DEVELOPMENT_ASSET_PATHS = "\"ToDoApp/Preview Content\"";
				DEVELOPMENT_TEAM = 6Z5ZMD2Q8J;
				ENABLE_PREVIEWS = YES;
				GENERATE_INFOPLIST_FILE = YES;
				INFOPLIST_FILE = ToDoApp/Info.plist;
				INFOPLIST_KEY_UIApplicationSceneManifest_Generation = YES;
				INFOPLIST_KEY_UIApplicationSupportsIndirectInputEvents = YES;
				INFOPLIST_KEY_UISupportedInterfaceOrientations = UIInterfaceOrientationPortrait;
				INFOPLIST_KEY_UISupportedInterfaceOrientations_iPad = "UIInterfaceOrientationLandscapeLeft UIInterfaceOrientationLandscapeRight UIInterfaceOrientationPortrait UIInterfaceOrientationPortraitUpsideDown";
				LD_RUNPATH_SEARCH_PATHS = (
					"$(inherited)",
					"@executable_path/Frameworks",
				);
				MARKETING_VERSION = 1.0;
				PRODUCT_BUNDLE_IDENTIFIER = com.ariel.ToDoApp;
				PRODUCT_NAME = "$(TARGET_NAME)";
				SWIFT_EMIT_LOC_STRINGS = YES;
				SWIFT_VERSION = 5.0;
				TARGETED_DEVICE_FAMILY = "1,2";
			};
			name = Debug;
		};
		B09869522AC5121E006B1121 /* Release */ = {
			isa = XCBuildConfiguration;
			buildSettings = {
				ASSETCATALOG_COMPILER_APPICON_NAME = AppIcon;
				ASSETCATALOG_COMPILER_GLOBAL_ACCENT_COLOR_NAME = AccentColor;
				CODE_SIGN_STYLE = Automatic;
				CURRENT_PROJECT_VERSION = 1;
				DEVELOPMENT_ASSET_PATHS = "\"ToDoApp/Preview Content\"";
				DEVELOPMENT_TEAM = 6Z5ZMD2Q8J;
				ENABLE_PREVIEWS = YES;
				GENERATE_INFOPLIST_FILE = YES;
				INFOPLIST_FILE = ToDoApp/Info.plist;
				INFOPLIST_KEY_UIApplicationSceneManifest_Generation = YES;
				INFOPLIST_KEY_UIApplicationSupportsIndirectInputEvents = YES;
				INFOPLIST_KEY_UISupportedInterfaceOrientations = UIInterfaceOrientationPortrait;
				INFOPLIST_KEY_UISupportedInterfaceOrientations_iPad = "UIInterfaceOrientationLandscapeLeft UIInterfaceOrientationLandscapeRight UIInterfaceOrientationPortrait UIInterfaceOrientationPortraitUpsideDown";
				LD_RUNPATH_SEARCH_PATHS = (
					"$(inherited)",
					"@executable_path/Frameworks",
				);
				MARKETING_VERSION = 1.0;
				PRODUCT_BUNDLE_IDENTIFIER = com.ariel.ToDoApp;
				PRODUCT_NAME = "$(TARGET_NAME)";
				SWIFT_EMIT_LOC_STRINGS = YES;
				SWIFT_VERSION = 5.0;
				TARGETED_DEVICE_FAMILY = "1,2";
			};
			name = Release;
		};
/* End XCBuildConfiguration section */

/* Begin XCConfigurationList section */
		B09869382AC5121A006B1121 /* Build configuration list for PBXProject "ToDoApp" */ = {
			isa = XCConfigurationList;
			buildConfigurations = (
				B098694E2AC5121E006B1121 /* Debug */,
				B098694F2AC5121E006B1121 /* Release */,
			);
			defaultConfigurationIsVisible = 0;
			defaultConfigurationName = Release;
		};
		B09869502AC5121E006B1121 /* Build configuration list for PBXNativeTarget "ToDoApp" */ = {
			isa = XCConfigurationList;
			buildConfigurations = (
				B09869512AC5121E006B1121 /* Debug */,
				B09869522AC5121E006B1121 /* Release */,
			);
			defaultConfigurationIsVisible = 0;
			defaultConfigurationName = Release;
		};
/* End XCConfigurationList section */

/* Begin XCVersionGroup section */
		B098694B2AC5121E006B1121 /* ToDoApp.xcdatamodeld */ = {
			isa = XCVersionGroup;
			children = (
				B098694C2AC5121E006B1121 /* ToDoApp.xcdatamodel */,
			);
			currentVersion = B098694C2AC5121E006B1121 /* ToDoApp.xcdatamodel */;
			path = ToDoApp.xcdatamodeld;
			sourceTree = "<group>";
			versionGroupType = wrapper.xcdatamodel;
		};
/* End XCVersionGroup section */
	};
	rootObject = B09869352AC5121A006B1121 /* Project object */;
}
